
Microsoft Visual Studio Solution File, Format Version 12.00
# Visual Studio Version 17
VisualStudioVersion = 17.3.32901.215
MinimumVisualStudioVersion = 10.0.40219.1
Project("{8BC9CEB8-8B4A-11D0-8D11-00A0C91BC942}") = "Sandbox", "Sandbox\Sandbox.vcxproj", "{A09B1D25-B62B-402B-8BD9-A800F9B48D7C}"
EndProject
Project("{8BC9CEB8-8B4A-11D0-8D11-00A0C91BC942}") = "Hyper", "Hyper\Hyper.vcxproj", "{25DCE938-03CA-4198-9932-9B28D7A1AC84}"
EndProject
Global
	GlobalSection(SolutionConfigurationPlatforms) = preSolution
		Debug|x64 = Debug|x64
		Release|x64 = Release|x64
	EndGlobalSection
	GlobalSection(ProjectConfigurationPlatforms) = postSolution
		{25DCE938-03CA-4198-9932-9B28D7A1AC84}.Debug|x64.ActiveCfg = Debug|x64
		{25DCE938-03CA-4198-9932-9B28D7A1AC84}.Debug|x64.Build.0 = Debug|x64
		{25DCE938-03CA-4198-9932-9B28D7A1AC84}.Release|x64.ActiveCfg = Release|x64
		{25DCE938-03CA-4198-9932-9B28D7A1AC84}.Release|x64.Build.0 = Release|x64
		{A09B1D25-B62B-402B-8BD9-A800F9B48D7C}.Debug|x64.ActiveCfg = Debug|x64
		{A09B1D25-B62B-402B-8BD9-A800F9B48D7C}.Debug|x64.Build.0 = Debug|x64
		{A09B1D25-B62B-402B-8BD9-A800F9B48D7C}.Release|x64.ActiveCfg = Release|x64
		{A09B1D25-B62B-402B-8BD9-A800F9B48D7C}.Release|x64.Build.0 = Release|x64
	EndGlobalSection
	GlobalSection(SolutionProperties) = preSolution
		HideSolutionNode = FALSE
	EndGlobalSection
	GlobalSection(ExtensibilityGlobals) = postSolution
		SolutionGuid = {4BC4C5D0-D785-4933-A612-E67D1595A64D}
	EndGlobalSection
EndGlobal
