<?xml version="1.0" encoding="utf-8"?>
<Project ToolsVersion="4.0" xmlns="http://schemas.microsoft.com/developer/msbuild/2003">
  <ItemGroup>
    <Filter Include="Hyper">
      <UniqueIdentifier>{2D285A0D-993C-82BE-62BE-251ECE917EEF}</UniqueIdentifier>
    </Filter>
    <Filter Include="Hyper\Events">
      <UniqueIdentifier>{713F65E0-5DA2-F484-0628-2D3BF269C007}</UniqueIdentifier>
    </Filter>
  </ItemGroup>
  <ItemGroup>
    <ClInclude Include="src\Hyper.h" />
    <ClInclude Include="src\Hyper\Application.h">
      <Filter>Hyper</Filter>
    </ClInclude>
    <ClInclude Include="src\Hyper\Core.h">
      <Filter>Hyper</Filter>
    </ClInclude>
    <ClInclude Include="src\Hyper\EntryPoint.h">
      <Filter>Hyper</Filter>
    </ClInclude>
    <ClInclude Include="src\Hyper\Events\ApplicationEvent.h">
      <Filter>Hyper\Events</Filter>
    </ClInclude>
    <ClInclude Include="src\Hyper\Events\Event.h">
      <Filter>Hyper\Events</Filter>
    </ClInclude>
    <ClInclude Include="src\Hyper\Events\KeyEvent.h">
      <Filter>Hyper\Events</Filter>
    </ClInclude>
    <ClInclude Include="src\Hyper\Events\MouseEvent.h">
      <Filter>Hyper\Events</Filter>
    </ClInclude>
    <ClInclude Include="src\Hyper\Log.h">
      <Filter>Hyper</Filter>
    </ClInclude>
    <ClInclude Include="src\hypch.h" />
  </ItemGroup>
  <ItemGroup>
    <ClCompile Include="src\Hyper\Application.cpp">
      <Filter>Hyper</Filter>
    </ClCompile>
    <ClCompile Include="src\Hyper\Log.cpp">
      <Filter>Hyper</Filter>
    </ClCompile>
    <ClCompile Include="src\hypch.cpp" />
  </ItemGroup>
</Project>